{
  "name": "language-sca",
  "version": "2.0.0",
  "lockfileVersion": 1,
  "requires": true,
  "dependencies": {
    "nan": {
      "version": "2.12.1",
      "resolved": "https://registry.npmjs.org/nan/-/nan-2.12.1.tgz",
      "integrity": "sha512-JY7V6lRkStKcKTvHO5NVSQRv+RV+FIL5pvDoLiAtSL9pKlC5x9PKQcZDsq7m4FO4d57mkhC6Z+QhAh3Jdk5JFw=="
    },
    "tree-sitter-embedded-template": {
      "version": "0.13.0",
      "resolved": "https://registry.npmjs.org/tree-sitter-embedded-template/-/tree-sitter-embedded-template-0.13.0.tgz",
      "integrity": "sha512-IJVjMcL2Bg+qF+HibtEXTF4CE6A66ppGSqU8E+2ddn2pCqDtZGREhI+KfqerF9NpKSo1OtbvhXiEXPdXQANLGg==",
      "requires": {
        "nan": "2.12.1"
      }
    },
    "tree-sitter-html": {
      "version": "0.13.5",
      "resolved": "https://registry.npmjs.org/tree-sitter-html/-/tree-sitter-html-0.13.5.tgz",
      "integrity": "sha512-lawojfDlj/9ujEYvLoW4+WTTh2ocrYCYP2Dw5LmwxuvvE2lHr/D4RWA8W1N4jpR58tVef0SSqnnQwJkl1pNIeA==",
      "requires": {
        "nan": "2.12.1"
      }
    }
  }
}
